// !$*UTF8*$!
{
	archiveVersion = 1;
	classes = {
	};
	objectVersion = 56;
	objects = {

/* Begin PBXBuildFile section */
		2DF9A9FA2B870B7E0002E21D /* AppDelegate.swift in Sources */ = {isa = PBXBuildFile; fileRef = 2DF9A9F92B870B7E0002E21D /* AppDelegate.swift */; };
		2DF9A9FC2B870B7E0002E21D /* SceneDelegate.swift in Sources */ = {isa = PBXBuildFile; fileRef = 2DF9A9FB2B870B7E0002E21D /* SceneDelegate.swift */; };
		2DF9AA012B870B7E0002E21D /* Main.storyboard in Resources */ = {isa = PBXBuildFile; fileRef = 2DF9A9FF2B870B7E0002E21D /* Main.storyboard */; };
		2DF9AA042B870B7E0002E21D /* UserHoldingScreen.xcdatamodeld in Sources */ = {isa = PBXBuildFile; fileRef = 2DF9AA022B870B7E0002E21D /* UserHoldingScreen.xcdatamodeld */; };
		2DF9AA062B870B800002E21D /* Assets.xcassets in Resources */ = {isa = PBXBuildFile; fileRef = 2DF9AA052B870B800002E21D /* Assets.xcassets */; };
		2DF9AA092B870B800002E21D /* LaunchScreen.storyboard in Resources */ = {isa = PBXBuildFile; fileRef = 2DF9AA072B870B800002E21D /* LaunchScreen.storyboard */; };
		2DF9AA1F2B8713000002E21D /* UserHoldingModel.swift in Sources */ = {isa = PBXBuildFile; fileRef = 2DF9AA1E2B8713000002E21D /* UserHoldingModel.swift */; };
		2DF9AA212B8715550002E21D /* APIManager.swift in Sources */ = {isa = PBXBuildFile; fileRef = 2DF9AA202B8715550002E21D /* APIManager.swift */; };
		2DF9AA232B8717EF0002E21D /* Constant.swift in Sources */ = {isa = PBXBuildFile; fileRef = 2DF9AA222B8717EF0002E21D /* Constant.swift */; };
		2DF9AA252B8722DB0002E21D /* HoldingListViewController.swift in Sources */ = {isa = PBXBuildFile; fileRef = 2DF9AA242B8722DB0002E21D /* HoldingListViewController.swift */; };
		2DF9AA272B87244C0002E21D /* HoldingsViewModel.swift in Sources */ = {isa = PBXBuildFile; fileRef = 2DF9AA262B87244C0002E21D /* HoldingsViewModel.swift */; };
		2DF9AA2B2B87479C0002E21D /* HoldingsCellTableViewCell.swift in Sources */ = {isa = PBXBuildFile; fileRef = 2DF9AA292B87479C0002E21D /* HoldingsCellTableViewCell.swift */; };
		2DF9AA2C2B87479C0002E21D /* HoldingsCellTableViewCell.xib in Resources */ = {isa = PBXBuildFile; fileRef = 2DF9AA2A2B87479C0002E21D /* HoldingsCellTableViewCell.xib */; };
		2DF9AA312B87A8150002E21D /* PortfolioViewTableViewCell.swift in Sources */ = {isa = PBXBuildFile; fileRef = 2DF9AA2F2B87A8150002E21D /* PortfolioViewTableViewCell.swift */; };
		2DF9AA322B87A8150002E21D /* PortfolioViewTableViewCell.xib in Resources */ = {isa = PBXBuildFile; fileRef = 2DF9AA302B87A8150002E21D /* PortfolioViewTableViewCell.xib */; };
/* End PBXBuildFile section */

/* Begin PBXFileReference section */
		2DF9A9F62B870B7E0002E21D /* UserHoldingScreen.app */ = {isa = PBXFileReference; explicitFileType = wrapper.application; includeInIndex = 0; path = UserHoldingScreen.app; sourceTree = BUILT_PRODUCTS_DIR; };
		2DF9A9F92B870B7E0002E21D /* AppDelegate.swift */ = {isa = PBXFileReference; lastKnownFileType = sourcecode.swift; path = AppDelegate.swift; sourceTree = "<group>"; };
		2DF9A9FB2B870B7E0002E21D /* SceneDelegate.swift */ = {isa = PBXFileReference; lastKnownFileType = sourcecode.swift; path = SceneDelegate.swift; sourceTree = "<group>"; };
		2DF9AA002B870B7E0002E21D /* Base */ = {isa = PBXFileReference; lastKnownFileType = file.storyboard; name = Base; path = Base.lproj/Main.storyboard; sourceTree = "<group>"; };
		2DF9AA032B870B7E0002E21D /* UserHoldingScreen.xcdatamodel */ = {isa = PBXFileReference; lastKnownFileType = wrapper.xcdatamodel; path = UserHoldingScreen.xcdatamodel; sourceTree = "<group>"; };
		2DF9AA052B870B800002E21D /* Assets.xcassets */ = {isa = PBXFileReference; lastKnownFileType = folder.assetcatalog; path = Assets.xcassets; sourceTree = "<group>"; };
		2DF9AA082B870B800002E21D /* Base */ = {isa = PBXFileReference; lastKnownFileType = file.storyboard; name = Base; path = Base.lproj/LaunchScreen.storyboard; sourceTree = "<group>"; };
		2DF9AA0A2B870B800002E21D /* Info.plist */ = {isa = PBXFileReference; lastKnownFileType = text.plist.xml; path = Info.plist; sourceTree = "<group>"; };
		2DF9AA1E2B8713000002E21D /* UserHoldingModel.swift */ = {isa = PBXFileReference; lastKnownFileType = sourcecode.swift; path = UserHoldingModel.swift; sourceTree = "<group>"; };
		2DF9AA202B8715550002E21D /* APIManager.swift */ = {isa = PBXFileReference; lastKnownFileType = sourcecode.swift; path = APIManager.swift; sourceTree = "<group>"; };
		2DF9AA222B8717EF0002E21D /* Constant.swift */ = {isa = PBXFileReference; lastKnownFileType = sourcecode.swift; path = Constant.swift; sourceTree = "<group>"; };
		2DF9AA242B8722DB0002E21D /* HoldingListViewController.swift */ = {isa = PBXFileReference; lastKnownFileType = sourcecode.swift; path = HoldingListViewController.swift; sourceTree = "<group>"; };
		2DF9AA262B87244C0002E21D /* HoldingsViewModel.swift */ = {isa = PBXFileReference; lastKnownFileType = sourcecode.swift; path = HoldingsViewModel.swift; sourceTree = "<group>"; };
		2DF9AA292B87479C0002E21D /* HoldingsCellTableViewCell.swift */ = {isa = PBXFileReference; lastKnownFileType = sourcecode.swift; path = HoldingsCellTableViewCell.swift; sourceTree = "<group>"; };
		2DF9AA2A2B87479C0002E21D /* HoldingsCellTableViewCell.xib */ = {isa = PBXFileReference; lastKnownFileType = file.xib; path = HoldingsCellTableViewCell.xib; sourceTree = "<group>"; };
		2DF9AA2F2B87A8150002E21D /* PortfolioViewTableViewCell.swift */ = {isa = PBXFileReference; lastKnownFileType = sourcecode.swift; path = PortfolioViewTableViewCell.swift; sourceTree = "<group>"; };
		2DF9AA302B87A8150002E21D /* PortfolioViewTableViewCell.xib */ = {isa = PBXFileReference; lastKnownFileType = file.xib; path = PortfolioViewTableViewCell.xib; sourceTree = "<group>"; };
/* End PBXFileReference section */

/* Begin PBXFrameworksBuildPhase section */
		2DF9A9F32B870B7E0002E21D /* Frameworks */ = {
			isa = PBXFrameworksBuildPhase;
			buildActionMask = 2147483647;
			files = (
			);
			runOnlyForDeploymentPostprocessing = 0;
		};
/* End PBXFrameworksBuildPhase section */

/* Begin PBXGroup section */
		2DF9A9ED2B870B7E0002E21D = {
			isa = PBXGroup;
			children = (
				2DF9A9F82B870B7E0002E21D /* UserHoldingScreen */,
				2DF9A9F72B870B7E0002E21D /* Products */,
			);
			sourceTree = "<group>";
		};
		2DF9A9F72B870B7E0002E21D /* Products */ = {
			isa = PBXGroup;
			children = (
				2DF9A9F62B870B7E0002E21D /* UserHoldingScreen.app */,
			);
			name = Products;
			sourceTree = "<group>";
		};
		2DF9A9F82B870B7E0002E21D /* UserHoldingScreen */ = {
			isa = PBXGroup;
			children = (
				2DF9AA162B87110C0002E21D /* Application */,
				2DF9AA172B8711220002E21D /* Constant */,
				2DF9AA132B87104A0002E21D /* Extension */,
				2DF9AA122B8710470002E21D /* APIService */,
				2DF9AA152B8711010002E21D /* Screen */,
				2DF9AA182B8711330002E21D /* Storyboard */,
				2DF9AA142B87104D0002E21D /* Resources */,
				2DF9AA0A2B870B800002E21D /* Info.plist */,
				2DF9AA022B870B7E0002E21D /* UserHoldingScreen.xcdatamodeld */,
			);
			path = UserHoldingScreen;
			sourceTree = "<group>";
		};
		2DF9AA122B8710470002E21D /* APIService */ = {
			isa = PBXGroup;
			children = (
				2DF9AA202B8715550002E21D /* APIManager.swift */,
			);
			path = APIService;
			sourceTree = "<group>";
		};
		2DF9AA132B87104A0002E21D /* Extension */ = {
			isa = PBXGroup;
			children = (
			);
			path = Extension;
			sourceTree = "<group>";
		};
		2DF9AA142B87104D0002E21D /* Resources */ = {
			isa = PBXGroup;
			children = (
				2DF9AA052B870B800002E21D /* Assets.xcassets */,
			);
			path = Resources;
			sourceTree = "<group>";
		};
		2DF9AA152B8711010002E21D /* Screen */ = {
			isa = PBXGroup;
			children = (
				2DF9AA1A2B87123E0002E21D /* HoldingScreen */,
			);
			path = Screen;
			sourceTree = "<group>";
		};
		2DF9AA162B87110C0002E21D /* Application */ = {
			isa = PBXGroup;
			children = (
				2DF9A9F92B870B7E0002E21D /* AppDelegate.swift */,
				2DF9A9FB2B870B7E0002E21D /* SceneDelegate.swift */,
			);
			path = Application;
			sourceTree = "<group>";
		};
		2DF9AA172B8711220002E21D /* Constant */ = {
			isa = PBXGroup;
			children = (
				2DF9AA222B8717EF0002E21D /* Constant.swift */,
			);
			path = Constant;
			sourceTree = "<group>";
		};
		2DF9AA182B8711330002E21D /* Storyboard */ = {
			isa = PBXGroup;
			children = (
				2DF9A9FF2B870B7E0002E21D /* Main.storyboard */,
				2DF9AA072B870B800002E21D /* LaunchScreen.storyboard */,
			);
			path = Storyboard;
			sourceTree = "<group>";
		};
		2DF9AA1A2B87123E0002E21D /* HoldingScreen */ = {
			isa = PBXGroup;
			children = (
				2DF9AA1B2B8712580002E21D /* Model */,
				2DF9AA1C2B8712660002E21D /* View */,
				2DF9AA1D2B8712760002E21D /* ViewModel */,
			);
			path = HoldingScreen;
			sourceTree = "<group>";
		};
		2DF9AA1B2B8712580002E21D /* Model */ = {
			isa = PBXGroup;
			children = (
				2DF9AA1E2B8713000002E21D /* UserHoldingModel.swift */,
			);
			path = Model;
			sourceTree = "<group>";
		};
		2DF9AA1C2B8712660002E21D /* View */ = {
			isa = PBXGroup;
			children = (
				2DF9AA282B8747620002E21D /* Controller */,
				2DF9AA292B87479C0002E21D /* HoldingsCellTableViewCell.swift */,
				2DF9AA2A2B87479C0002E21D /* HoldingsCellTableViewCell.xib */,
				2DF9AA2F2B87A8150002E21D /* PortfolioViewTableViewCell.swift */,
				2DF9AA302B87A8150002E21D /* PortfolioViewTableViewCell.xib */,
			);
			path = View;
			sourceTree = "<group>";
		};
		2DF9AA1D2B8712760002E21D /* ViewModel */ = {
			isa = PBXGroup;
			children = (
				2DF9AA262B87244C0002E21D /* HoldingsViewModel.swift */,
			);
			path = ViewModel;
			sourceTree = "<group>";
		};
		2DF9AA282B8747620002E21D /* Controller */ = {
			isa = PBXGroup;
			children = (
				2DF9AA242B8722DB0002E21D /* HoldingListViewController.swift */,
			);
			path = Controller;
			sourceTree = "<group>";
		};
/* End PBXGroup section */

/* Begin PBXNativeTarget section */
		2DF9A9F52B870B7E0002E21D /* UserHoldingScreen */ = {
			isa = PBXNativeTarget;
			buildConfigurationList = 2DF9AA0D2B870B800002E21D /* Build configuration list for PBXNativeTarget "UserHoldingScreen" */;
			buildPhases = (
				2DF9A9F22B870B7E0002E21D /* Sources */,
				2DF9A9F32B870B7E0002E21D /* Frameworks */,
				2DF9A9F42B870B7E0002E21D /* Resources */,
			);
			buildRules = (
			);
			dependencies = (
			);
			name = UserHoldingScreen;
			productName = UserHoldingScreen;
			productReference = 2DF9A9F62B870B7E0002E21D /* UserHoldingScreen.app */;
			productType = "com.apple.product-type.application";
		};
/* End PBXNativeTarget section */

/* Begin PBXProject section */
		2DF9A9EE2B870B7E0002E21D /* Project object */ = {
			isa = PBXProject;
			attributes = {
				BuildIndependentTargetsInParallel = 1;
				LastSwiftUpdateCheck = 1520;
				LastUpgradeCheck = 1520;
				TargetAttributes = {
					2DF9A9F52B870B7E0002E21D = {
						CreatedOnToolsVersion = 15.2;
					};
				};
			};
			buildConfigurationList = 2DF9A9F12B870B7E0002E21D /* Build configuration list for PBXProject "UserHoldingScreen" */;
			compatibilityVersion = "Xcode 14.0";
			developmentRegion = en;
			hasScannedForEncodings = 0;
			knownRegions = (
				en,
				Base,
			);
			mainGroup = 2DF9A9ED2B870B7E0002E21D;
			productRefGroup = 2DF9A9F72B870B7E0002E21D /* Products */;
			projectDirPath = "";
			projectRoot = "";
			targets = (
				2DF9A9F52B870B7E0002E21D /* UserHoldingScreen */,
			);
		};
/* End PBXProject section */

/* Begin PBXResourcesBuildPhase section */
		2DF9A9F42B870B7E0002E21D /* Resources */ = {
			isa = PBXResourcesBuildPhase;
			buildActionMask = 2147483647;
			files = (
				2DF9AA092B870B800002E21D /* LaunchScreen.storyboard in Resources */,
				2DF9AA2C2B87479C0002E21D /* HoldingsCellTableViewCell.xib in Resources */,
				2DF9AA322B87A8150002E21D /* PortfolioViewTableViewCell.xib in Resources */,
				2DF9AA062B870B800002E21D /* Assets.xcassets in Resources */,
				2DF9AA012B870B7E0002E21D /* Main.storyboard in Resources */,
			);
			runOnlyForDeploymentPostprocessing = 0;
		};
/* End PBXResourcesBuildPhase section */

/* Begin PBXSourcesBuildPhase section */
		2DF9A9F22B870B7E0002E21D /* Sources */ = {
			isa = PBXSourcesBuildPhase;
			buildActionMask = 2147483647;
			files = (
				2DF9A9FA2B870B7E0002E21D /* AppDelegate.swift in Sources */,
				2DF9AA252B8722DB0002E21D /* HoldingListViewController.swift in Sources */,
				2DF9AA042B870B7E0002E21D /* UserHoldingScreen.xcdatamodeld in Sources */,
				2DF9AA2B2B87479C0002E21D /* HoldingsCellTableViewCell.swift in Sources */,
				2DF9AA212B8715550002E21D /* APIManager.swift in Sources */,
				2DF9AA312B87A8150002E21D /* PortfolioViewTableViewCell.swift in Sources */,
				2DF9AA1F2B8713000002E21D /* UserHoldingModel.swift in Sources */,
				2DF9A9FC2B870B7E0002E21D /* SceneDelegate.swift in Sources */,
				2DF9AA272B87244C0002E21D /* HoldingsViewModel.swift in Sources */,
				2DF9AA232B8717EF0002E21D /* Constant.swift in Sources */,
			);
			runOnlyForDeploymentPostprocessing = 0;
		};
/* End PBXSourcesBuildPhase section */

/* Begin PBXVariantGroup section */
		2DF9A9FF2B870B7E0002E21D /* Main.storyboard */ = {
			isa = PBXVariantGroup;
			children = (
				2DF9AA002B870B7E0002E21D /* Base */,
			);
			name = Main.storyboard;
			sourceTree = "<group>";
		};
		2DF9AA072B870B800002E21D /* LaunchScreen.storyboard */ = {
			isa = PBXVariantGroup;
			children = (
				2DF9AA082B870B800002E21D /* Base */,
			);
			name = LaunchScreen.storyboard;
			sourceTree = "<group>";
		};
/* End PBXVariantGroup section */

/* Begin XCBuildConfiguration section */
		2DF9AA0B2B870B800002E21D /* Debug */ = {
			isa = XCBuildConfiguration;
			buildSettings = {
				ALWAYS_SEARCH_USER_PATHS = NO;
				ASSETCATALOG_COMPILER_GENERATE_SWIFT_ASSET_SYMBOL_EXTENSIONS = YES;
				CLANG_ANALYZER_NONNULL = YES;
				CLANG_ANALYZER_NUMBER_OBJECT_CONVERSION = YES_AGGRESSIVE;
				CLANG_CXX_LANGUAGE_STANDARD = "gnu++20";
				CLANG_ENABLE_MODULES = YES;
				CLANG_ENABLE_OBJC_ARC = YES;
				CLANG_ENABLE_OBJC_WEAK = YES;
				CLANG_WARN_BLOCK_CAPTURE_AUTORELEASING = YES;
				CLANG_WARN_BOOL_CONVERSION = YES;
				CLANG_WARN_COMMA = YES;
				CLANG_WARN_CONSTANT_CONVERSION = YES;
				CLANG_WARN_DEPRECATED_OBJC_IMPLEMENTATIONS = YES;
				CLANG_WARN_DIRECT_OBJC_ISA_USAGE = YES_ERROR;
				CLANG_WARN_DOCUMENTATION_COMMENTS = YES;
				CLANG_WARN_EMPTY_BODY = YES;
				CLANG_WARN_ENUM_CONVERSION = YES;
				CLANG_WARN_INFINITE_RECURSION = YES;
				CLANG_WARN_INT_CONVERSION = YES;
				CLANG_WARN_NON_LITERAL_NULL_CONVERSION = YES;
				CLANG_WARN_OBJC_IMPLICIT_RETAIN_SELF = YES;
				CLANG_WARN_OBJC_LITERAL_CONVERSION = YES;
				CLANG_WARN_OBJC_ROOT_CLASS = YES_ERROR;
				CLANG_WARN_QUOTED_INCLUDE_IN_FRAMEWORK_HEADER = YES;
				CLANG_WARN_RANGE_LOOP_ANALYSIS = YES;
				CLANG_WARN_STRICT_PROTOTYPES = YES;
				CLANG_WARN_SUSPICIOUS_MOVE = YES;
				CLANG_WARN_UNGUARDED_AVAILABILITY = YES_AGGRESSIVE;
				CLANG_WARN_UNREACHABLE_CODE = YES;
				CLANG_WARN__DUPLICATE_METHOD_MATCH = YES;
				COPY_PHASE_STRIP = NO;
				DEBUG_INFORMATION_FORMAT = dwarf;
				ENABLE_STRICT_OBJC_MSGSEND = YES;
				ENABLE_TESTABILITY = YES;
				ENABLE_USER_SCRIPT_SANDBOXING = YES;
				GCC_C_LANGUAGE_STANDARD = gnu17;
				GCC_DYNAMIC_NO_PIC = NO;
				GCC_NO_COMMON_BLOCKS = YES;
				GCC_OPTIMIZATION_LEVEL = 0;
				GCC_PREPROCESSOR_DEFINITIONS = (
					"DEBUG=1",
					"$(inherited)",
				);
				GCC_WARN_64_TO_32_BIT_CONVERSION = YES;
				GCC_WARN_ABOUT_RETURN_TYPE = YES_ERROR;
				GCC_WARN_UNDECLARED_SELECTOR = YES;
				GCC_WARN_UNINITIALIZED_AUTOS = YES_AGGRESSIVE;
				GCC_WARN_UNUSED_FUNCTION = YES;
				GCC_WARN_UNUSED_VARIABLE = YES;
				IPHONEOS_DEPLOYMENT_TARGET = 17.2;
				LOCALIZATION_PREFERS_STRING_CATALOGS = YES;
				MTL_ENABLE_DEBUG_INFO = INCLUDE_SOURCE;
				MTL_FAST_MATH = YES;
				ONLY_ACTIVE_ARCH = YES;
				SDKROOT = iphoneos;
				SWIFT_ACTIVE_COMPILATION_CONDITIONS = "DEBUG $(inherited)";
				SWIFT_OPTIMIZATION_LEVEL = "-Onone";
			};
			name = Debug;
		};
		2DF9AA0C2B870B800002E21D /* Release */ = {
			isa = XCBuildConfiguration;
			buildSettings = {
				ALWAYS_SEARCH_USER_PATHS = NO;
				ASSETCATALOG_COMPILER_GENERATE_SWIFT_ASSET_SYMBOL_EXTENSIONS = YES;
				CLANG_ANALYZER_NONNULL = YES;
				CLANG_ANALYZER_NUMBER_OBJECT_CONVERSION = YES_AGGRESSIVE;
				CLANG_CXX_LANGUAGE_STANDARD = "gnu++20";
				CLANG_ENABLE_MODULES = YES;
				CLANG_ENABLE_OBJC_ARC = YES;
				CLANG_ENABLE_OBJC_WEAK = YES;
				CLANG_WARN_BLOCK_CAPTURE_AUTORELEASING = YES;
				CLANG_WARN_BOOL_CONVERSION = YES;
				CLANG_WARN_COMMA = YES;
				CLANG_WARN_CONSTANT_CONVERSION = YES;
				CLANG_WARN_DEPRECATED_OBJC_IMPLEMENTATIONS = YES;
				CLANG_WARN_DIRECT_OBJC_ISA_USAGE = YES_ERROR;
				CLANG_WARN_DOCUMENTATION_COMMENTS = YES;
				CLANG_WARN_EMPTY_BODY = YES;
				CLANG_WARN_ENUM_CONVERSION = YES;
				CLANG_WARN_INFINITE_RECURSION = YES;
				CLANG_WARN_INT_CONVERSION = YES;
				CLANG_WARN_NON_LITERAL_NULL_CONVERSION = YES;
				CLANG_WARN_OBJC_IMPLICIT_RETAIN_SELF = YES;
				CLANG_WARN_OBJC_LITERAL_CONVERSION = YES;
				CLANG_WARN_OBJC_ROOT_CLASS = YES_ERROR;
				CLANG_WARN_QUOTED_INCLUDE_IN_FRAMEWORK_HEADER = YES;
				CLANG_WARN_RANGE_LOOP_ANALYSIS = YES;
				CLANG_WARN_STRICT_PROTOTYPES = YES;
				CLANG_WARN_SUSPICIOUS_MOVE = YES;
				CLANG_WARN_UNGUARDED_AVAILABILITY = YES_AGGRESSIVE;
				CLANG_WARN_UNREACHABLE_CODE = YES;
				CLANG_WARN__DUPLICATE_METHOD_MATCH = YES;
				COPY_PHASE_STRIP = NO;
				DEBUG_INFORMATION_FORMAT = "dwarf-with-dsym";
				ENABLE_NS_ASSERTIONS = NO;
				ENABLE_STRICT_OBJC_MSGSEND = YES;
				ENABLE_USER_SCRIPT_SANDBOXING = YES;
				GCC_C_LANGUAGE_STANDARD = gnu17;
				GCC_NO_COMMON_BLOCKS = YES;
				GCC_WARN_64_TO_32_BIT_CONVERSION = YES;
				GCC_WARN_ABOUT_RETURN_TYPE = YES_ERROR;
				GCC_WARN_UNDECLARED_SELECTOR = YES;
				GCC_WARN_UNINITIALIZED_AUTOS = YES_AGGRESSIVE;
				GCC_WARN_UNUSED_FUNCTION = YES;
				GCC_WARN_UNUSED_VARIABLE = YES;
				IPHONEOS_DEPLOYMENT_TARGET = 17.2;
				LOCALIZATION_PREFERS_STRING_CATALOGS = YES;
				MTL_ENABLE_DEBUG_INFO = NO;
				MTL_FAST_MATH = YES;
				SDKROOT = iphoneos;
				SWIFT_COMPILATION_MODE = wholemodule;
				VALIDATE_PRODUCT = YES;
			};
			name = Release;
		};
		2DF9AA0E2B870B800002E21D /* Debug */ = {
			isa = XCBuildConfiguration;
			buildSettings = {
				ASSETCATALOG_COMPILER_APPICON_NAME = AppIcon;
				ASSETCATALOG_COMPILER_GLOBAL_ACCENT_COLOR_NAME = AccentColor;
				CODE_SIGN_STYLE = Automatic;
				CURRENT_PROJECT_VERSION = 1;
				DEVELOPMENT_TEAM = KL79P83N6N;
				GENERATE_INFOPLIST_FILE = YES;
				INFOPLIST_FILE = UserHoldingScreen/Info.plist;
				INFOPLIST_KEY_UIApplicationSupportsIndirectInputEvents = YES;
				INFOPLIST_KEY_UILaunchStoryboardName = LaunchScreen;
				INFOPLIST_KEY_UIMainStoryboardFile = Main;
				INFOPLIST_KEY_UISupportedInterfaceOrientations = UIInterfaceOrientationPortrait;
				LD_RUNPATH_SEARCH_PATHS = (
					"$(inherited)",
					"@executable_path/Frameworks",
				);
				MARKETING_VERSION = 1.0;
				PRODUCT_BUNDLE_IDENTIFIER = Priti.UserHoldingScreen;
				PRODUCT_NAME = "$(TARGET_NAME)";
				SWIFT_EMIT_LOC_STRINGS = YES;
				SWIFT_VERSION = 5.0;
				TARGETED_DEVICE_FAMILY = "1,2";
			};
			name = Debug;
		};
		2DF9AA0F2B870B800002E21D /* Release */ = {
			isa = XCBuildConfiguration;
			buildSettings = {
				ASSETCATALOG_COMPILER_APPICON_NAME = AppIcon;
				ASSETCATALOG_COMPILER_GLOBAL_ACCENT_COLOR_NAME = AccentColor;
				CODE_SIGN_STYLE = Automatic;
				CURRENT_PROJECT_VERSION = 1;
				DEVELOPMENT_TEAM = KL79P83N6N;
				GENERATE_INFOPLIST_FILE = YES;
				INFOPLIST_FILE = UserHoldingScreen/Info.plist;
				INFOPLIST_KEY_UIApplicationSupportsIndirectInputEvents = YES;
				INFOPLIST_KEY_UILaunchStoryboardName = LaunchScreen;
				INFOPLIST_KEY_UIMainStoryboardFile = Main;
				INFOPLIST_KEY_UISupportedInterfaceOrientations = UIInterfaceOrientationPortrait;
				LD_RUNPATH_SEARCH_PATHS = (
					"$(inherited)",
					"@executable_path/Frameworks",
				);
				MARKETING_VERSION = 1.0;
				PRODUCT_BUNDLE_IDENTIFIER = Priti.UserHoldingScreen;
				PRODUCT_NAME = "$(TARGET_NAME)";
				SWIFT_EMIT_LOC_STRINGS = YES;
				SWIFT_VERSION = 5.0;
				TARGETED_DEVICE_FAMILY = "1,2";
			};
			name = Release;
		};
/* End XCBuildConfiguration section */

/* Begin XCConfigurationList section */
		2DF9A9F12B870B7E0002E21D /* Build configuration list for PBXProject "UserHoldingScreen" */ = {
			isa = XCConfigurationList;
			buildConfigurations = (
				2DF9AA0B2B870B800002E21D /* Debug */,
				2DF9AA0C2B870B800002E21D /* Release */,
			);
			defaultConfigurationIsVisible = 0;
			defaultConfigurationName = Release;
		};
		2DF9AA0D2B870B800002E21D /* Build configuration list for PBXNativeTarget "UserHoldingScreen" */ = {
			isa = XCConfigurationList;
			buildConfigurations = (
				2DF9AA0E2B870B800002E21D /* Debug */,
				2DF9AA0F2B870B800002E21D /* Release */,
			);
			defaultConfigurationIsVisible = 0;
			defaultConfigurationName = Release;
		};
/* End XCConfigurationList section */

/* Begin XCVersionGroup section */
		2DF9AA022B870B7E0002E21D /* UserHoldingScreen.xcdatamodeld */ = {
			isa = XCVersionGroup;
			children = (
				2DF9AA032B870B7E0002E21D /* UserHoldingScreen.xcdatamodel */,
			);
			currentVersion = 2DF9AA032B870B7E0002E21D /* UserHoldingScreen.xcdatamodel */;
			path = UserHoldingScreen.xcdatamodeld;
			sourceTree = "<group>";
			versionGroupType = wrapper.xcdatamodel;
		};
/* End XCVersionGroup section */
	};
	rootObject = 2DF9A9EE2B870B7E0002E21D /* Project object */;
}
